{
  "name": "function",
  "version": "1.0.0",
  "lockfileVersion": 1,
  "requires": true,
  "dependencies": {
    "@emnapi/runtime": {
      "version": "0.44.0",
      "resolved": "https://registry.npmjs.org/@emnapi/runtime/-/runtime-0.44.0.tgz",
      "integrity": "sha512-ZX/etZEZw8DR7zAB1eVQT40lNo0jeqpb6dCgOvctB6FIQ5PoXfMuNY8+ayQfu8tNQbAB8gQWSSJupR8NxeiZXw==",
      "optional": true,
      "requires": {
        "tslib": "^2.4.0"
      }
    },
    "@img/sharp-darwin-arm64": {
      "version": "0.33.0",
      "resolved": "https://registry.npmjs.org/@img/sharp-darwin-arm64/-/sharp-darwin-arm64-0.33.0.tgz",
      "integrity": "sha512-070tEheekI1LJWTGPC9WlQEa5UoKTXzzlORBHMX4TbfUxMiL336YHR8vBEUNsjse0RJCX8dZ4ZXwT595aEF1ug==",
      "optional": true,
      "requires": {
        "@img/sharp-libvips-darwin-arm64": "1.0.0"
      }
    },
    "@img/sharp-darwin-x64": {
      "version": "0.33.0",
      "resolved": "https://registry.npmjs.org/@img/sharp-darwin-x64/-/sharp-darwin-x64-0.33.0.tgz",
      "integrity": "sha512-pu/nvn152F3qbPeUkr+4e9zVvEhD3jhwzF473veQfMPkOYo9aoWXSfdZH/E6F+nYC3qvFjbxbvdDbUtEbghLqw==",
      "optional": true,
      "requires": {
        "@img/sharp-libvips-darwin-x64": "1.0.0"
      }
    },
    "@img/sharp-libvips-darwin-arm64": {
      "version": "1.0.0",
      "resolved": "https://registry.npmjs.org/@img/sharp-libvips-darwin-arm64/-/sharp-libvips-darwin-arm64-1.0.0.tgz",
      "integrity": "sha512-VzYd6OwnUR81sInf3alj1wiokY50DjsHz5bvfnsFpxs5tqQxESoHtJO6xyksDs3RIkyhMWq2FufXo6GNSU9BMw==",
      "optional": true
    },
    "@img/sharp-libvips-darwin-x64": {
      "version": "1.0.0",
      "resolved": "https://registry.npmjs.org/@img/sharp-libvips-darwin-x64/-/sharp-libvips-darwin-x64-1.0.0.tgz",
      "integrity": "sha512-dD9OznTlHD6aovRswaPNEy8dKtSAmNo4++tO7uuR4o5VxbVAOoEQ1uSmN4iFAdQneTHws1lkTZeiXPrcCkh6IA==",
      "optional": true
    },
    "@img/sharp-libvips-linux-arm": {
      "version": "1.0.0",
      "resolved": "https://registry.npmjs.org/@img/sharp-libvips-linux-arm/-/sharp-libvips-linux-arm-1.0.0.tgz",
      "integrity": "sha512-VwgD2eEikDJUk09Mn9Dzi1OW2OJFRQK+XlBTkUNmAWPrtj8Ly0yq05DFgu1VCMx2/DqCGQVi5A1dM9hTmxf3uw==",
      "optional": true
    },
    "@img/sharp-libvips-linux-arm64": {
      "version": "1.0.0",
      "resolved": "https://registry.npmjs.org/@img/sharp-libvips-linux-arm64/-/sharp-libvips-linux-arm64-1.0.0.tgz",
      "integrity": "sha512-xTYThiqEZEZc0PRU90yVtM3KE7lw1bKdnDQ9kCTHWbqWyHOe4NpPOtMGy27YnN51q0J5dqRrvicfPbALIOeAZA==",
      "optional": true
    },
    "@img/sharp-libvips-linux-s390x": {
      "version": "1.0.0",
      "resolved": "https://registry.npmjs.org/@img/sharp-libvips-linux-s390x/-/sharp-libvips-linux-s390x-1.0.0.tgz",
      "integrity": "sha512-o9E46WWBC6JsBlwU4QyU9578G77HBDT1NInd+aERfxeOPbk0qBZHgoDsQmA2v9TbqJRWzoBPx1aLOhprBMgPjw==",
      "optional": true
    },
    "@img/sharp-libvips-linux-x64": {
      "version": "1.0.0",
      "resolved": "https://registry.npmjs.org/@img/sharp-libvips-linux-x64/-/sharp-libvips-linux-x64-1.0.0.tgz",
      "integrity": "sha512-naldaJy4hSVhWBgEjfdBY85CAa4UO+W1nx6a1sWStHZ7EUfNiuBTTN2KUYT5dH1+p/xij1t2QSXfCiFJoC5S/Q==",
      "optional": true
    },
    "@img/sharp-libvips-linuxmusl-arm64": {
      "version": "1.0.0",
      "resolved": "https://registry.npmjs.org/@img/sharp-libvips-linuxmusl-arm64/-/sharp-libvips-linuxmusl-arm64-1.0.0.tgz",
      "integrity": "sha512-OdorplCyvmSAPsoJLldtLh3nLxRrkAAAOHsGWGDYfN0kh730gifK+UZb3dWORRa6EusNqCTjfXV4GxvgJ/nPDQ==",
      "optional": true
    },
    "@img/sharp-libvips-linuxmusl-x64": {
      "version": "1.0.0",
      "resolved": "https://registry.npmjs.org/@img/sharp-libvips-linuxmusl-x64/-/sharp-libvips-linuxmusl-x64-1.0.0.tgz",
      "integrity": "sha512-FW8iK6rJrg+X2jKD0Ajhjv6y74lToIBEvkZhl42nZt563FfxkCYacrXZtd+q/sRQDypQLzY5WdLkVTbJoPyqNg==",
      "optional": true
    },
    "@img/sharp-linux-arm": {
      "version": "0.33.0",
      "resolved": "https://registry.npmjs.org/@img/sharp-linux-arm/-/sharp-linux-arm-0.33.0.tgz",
      "integrity": "sha512-4horD3wMFd5a0ddbDY8/dXU9CaOgHjEHALAddXgafoR5oWq5s8X61PDgsSeh4Qupsdo6ycfPPSSNBrfVQnwwrg==",
      "optional": true,
      "requires": {
        "@img/sharp-libvips-linux-arm": "1.0.0"
      }
    },
    "@img/sharp-linux-arm64": {
      "version": "0.33.0",
      "resolved": "https://registry.npmjs.org/@img/sharp-linux-arm64/-/sharp-linux-arm64-0.33.0.tgz",
      "integrity": "sha512-dcomVSrtgF70SyOr8RCOCQ8XGVThXwe71A1d8MGA+mXEVRJ/J6/TrCbBEJh9ddcEIIsrnrkolaEvYSHqVhswQw==",
      "optional": true,
      "requires": {
        "@img/sharp-libvips-linux-arm64": "1.0.0"
      }
    },
    "@img/sharp-linux-s390x": {
      "version": "0.33.0",
      "resolved": "https://registry.npmjs.org/@img/sharp-linux-s390x/-/sharp-linux-s390x-0.33.0.tgz",
      "integrity": "sha512-TiVJbx38J2rNVfA309ffSOB+3/7wOsZYQEOlKqOUdWD/nqkjNGrX+YQGz7nzcf5oy2lC+d37+w183iNXRZNngQ==",
      "optional": true,
      "requires": {
        "@img/sharp-libvips-linux-s390x": "1.0.0"
      }
    },
    "@img/sharp-linux-x64": {
      "version": "0.33.0",
      "resolved": "https://registry.npmjs.org/@img/sharp-linux-x64/-/sharp-linux-x64-0.33.0.tgz",
      "integrity": "sha512-PaZM4Zi7/Ek71WgTdvR+KzTZpBqrQOFcPe7/8ZoPRlTYYRe43k6TWsf4GVH6XKRLMYeSp8J89RfAhBrSP4itNA==",
      "optional": true,
      "requires": {
        "@img/sharp-libvips-linux-x64": "1.0.0"
      }
    },
    "@img/sharp-linuxmusl-arm64": {
      "version": "0.33.0",
      "resolved": "https://registry.npmjs.org/@img/sharp-linuxmusl-arm64/-/sharp-linuxmusl-arm64-0.33.0.tgz",
      "integrity": "sha512-1QLbbN0zt+32eVrg7bb1lwtvEaZwlhEsY1OrijroMkwAqlHqFj6R33Y47s2XUv7P6Ie1PwCxK/uFnNqMnkd5kg==",
      "optional": true,
      "requires": {
        "@img/sharp-libvips-linuxmusl-arm64": "1.0.0"
      }
    },
    "@img/sharp-linuxmusl-x64": {
      "version": "0.33.0",
      "resolved": "https://registry.npmjs.org/@img/sharp-linuxmusl-x64/-/sharp-linuxmusl-x64-0.33.0.tgz",
      "integrity": "sha512-CecqgB/CnkvCWFhmfN9ZhPGMLXaEBXl4o7WtA6U3Ztrlh/s7FUKX4vNxpMSYLIrWuuzjiaYdfU3+Tdqh1xaHfw==",
      "optional": true,
      "requires": {
        "@img/sharp-libvips-linuxmusl-x64": "1.0.0"
      }
    },
    "@img/sharp-wasm32": {
      "version": "0.33.0",
      "resolved": "https://registry.npmjs.org/@img/sharp-wasm32/-/sharp-wasm32-0.33.0.tgz",
      "integrity": "sha512-Hn4js32gUX9qkISlemZBUPuMs0k/xNJebUNl/L6djnU07B/HAA2KaxRVb3HvbU5fL242hLOcp0+tR+M8dvJUFw==",
      "optional": true,
      "requires": {
        "@emnapi/runtime": "^0.44.0"
      }
    },
    "@img/sharp-win32-ia32": {
      "version": "0.33.0",
      "resolved": "https://registry.npmjs.org/@img/sharp-win32-ia32/-/sharp-win32-ia32-0.33.0.tgz",
      "integrity": "sha512-5HfcsCZi3l5nPRF2q3bllMVMDXBqEWI3Q8KQONfzl0TferFE5lnsIG0A1YrntMAGqvkzdW6y1Ci1A2uTvxhfzg==",
      "optional": true
    },
    "@img/sharp-win32-x64": {
      "version": "0.33.0",
      "resolved": "https://registry.npmjs.org/@img/sharp-win32-x64/-/sharp-win32-x64-0.33.0.tgz",
      "integrity": "sha512-i3DtP/2ce1yKFj4OzOnOYltOEL/+dp4dc4dJXJBv6god1AFTcmkaA99H/7SwOmkCOBQkbVvA3lCGm3/5nDtf9Q==",
      "optional": true
    },
    "async": {
      "version": "1.5.2",
      "resolved": "https://registry.npmjs.org/async/-/async-1.5.2.tgz",
      "integrity": "sha1-7GphrlZIDAw8skHJVhjiCJL5Zyo="
    },
    "block-stream2": {
      "version": "1.1.0",
      "resolved": "https://registry.npmjs.org/block-stream2/-/block-stream2-1.1.0.tgz",
      "integrity": "sha1-xzjjqRupd+u14f70MeE8oR2GOeI=",
      "requires": {
        "defined": "^1.0.0",
        "inherits": "^2.0.1",
        "readable-stream": "^2.0.4"
      }
    },
    "buffer-from": {
      "version": "1.1.1",
      "resolved": "https://registry.npmjs.org/buffer-from/-/buffer-from-1.1.1.tgz",
      "integrity": "sha512-MQcXEUbCKtEo7bhqEs6560Hyd4XaovZlO/k9V3hjVUF/zwW7KBVdSK4gIt/bzwS9MbR5qob+F5jusZsb0YQK2A=="
    },
    "color": {
      "version": "4.2.3",
      "resolved": "https://registry.npmjs.org/color/-/color-4.2.3.tgz",
      "integrity": "sha512-1rXeuUUiGGrykh+CeBdu5Ie7OJwinCgQY0bc7GCRxy5xVHy+moaqkpL/jqQq0MtQOeYcrqEz4abc5f0KtU7W4A==",
      "requires": {
        "color-convert": "^2.0.1",
        "color-string": "^1.9.0"
      }
    },
    "color-convert": {
      "version": "2.0.1",
      "resolved": "https://registry.npmjs.org/color-convert/-/color-convert-2.0.1.tgz",
      "integrity": "sha512-RRECPsj7iu/xb5oKYcsFHSppFNnsj/52OVTRKb4zP5onXwVF3zVmmToNcOfGC+CRDpfK/U584fMg38ZHCaElKQ==",
      "requires": {
        "color-name": "~1.1.4"
      }
    },
    "color-name": {
      "version": "1.1.4",
      "resolved": "https://registry.npmjs.org/color-name/-/color-name-1.1.4.tgz",
      "integrity": "sha512-dOy+3AuW3a2wNbZHIuMZpTcgjGuLU/uBL/ubcZF9OXbDo8ff4O8yVp5Bf0efS8uEoYo5q4Fx7dY9OgQGXgAsQA=="
    },
    "color-string": {
      "version": "1.9.1",
      "resolved": "https://registry.npmjs.org/color-string/-/color-string-1.9.1.tgz",
      "integrity": "sha512-shrVawQFojnZv6xM40anx4CkoDP+fZsw/ZerEMsW/pyzsRbElpsL/DBVW7q3ExxwusdNXI3lXpuhEZkzs8p5Eg==",
      "requires": {
        "color-name": "^1.0.0",
        "simple-swizzle": "^0.2.2"
      }
    },
    "concat-stream": {
      "version": "1.6.2",
      "resolved": "https://registry.npmjs.org/concat-stream/-/concat-stream-1.6.2.tgz",
      "integrity": "sha512-27HBghJxjiZtIk3Ycvn/4kbJk/1uZuJFfuPEns6LaEvpvG1f0hTea8lilrouyo9mVc2GWdcEZ8OLoGmSADlrCw==",
      "requires": {
        "buffer-from": "^1.0.0",
        "inherits": "^2.0.3",
        "readable-stream": "^2.2.2",
        "typedarray": "^0.0.6"
      }
    },
    "core-util-is": {
      "version": "1.0.2",
      "resolved": "https://registry.npmjs.org/core-util-is/-/core-util-is-1.0.2.tgz",
      "integrity": "sha1-tf1UIgqivFq1eqtxQMlAdUUDwac="
    },
    "defined": {
      "version": "1.0.0",
      "resolved": "https://registry.npmjs.org/defined/-/defined-1.0.0.tgz",
      "integrity": "sha1-yY2bzvdWdBiOEQlpFRGZ45sfppM="
    },
    "detect-libc": {
      "version": "2.0.3",
      "resolved": "https://registry.npmjs.org/detect-libc/-/detect-libc-2.0.3.tgz",
      "integrity": "sha512-bwy0MGW55bG41VqxxypOsdSdGqLwXPI/focwgTYCFMbdUiBAxLg9CFzG08sz2aqzknwiX7Hkl0bQENjg8iLByw=="
    },
    "es6-error": {
      "version": "2.1.1",
      "resolved": "https://registry.npmjs.org/es6-error/-/es6-error-2.1.1.tgz",
      "integrity": "sha1-kThDAexe0cmnJH0RKCRyFvA1R80="
    },
    "inherits": {
      "version": "2.0.3",
      "resolved": "https://registry.npmjs.org/inherits/-/inherits-2.0.3.tgz",
      "integrity": "sha1-Yzwsg+PaQqUC9SRmAiSA9CCCYd4="
    },
    "is-arrayish": {
      "version": "0.3.2",
      "resolved": "https://registry.npmjs.org/is-arrayish/-/is-arrayish-0.3.2.tgz",
      "integrity": "sha512-eVRqCvVlZbuw3GrM63ovNSNAeA1K16kaR/LRY/92w0zxQ5/1YzwblUX652i4Xs9RwAGjW9d9y6X88t8OaAJfWQ=="
    },
    "isarray": {
      "version": "1.0.0",
      "resolved": "https://registry.npmjs.org/isarray/-/isarray-1.0.0.tgz",
      "integrity": "sha1-u5NdSFgsuhaMBoNJV6VKPgcSTxE="
    },
    "json-stream": {
      "version": "1.0.0",
      "resolved": "https://registry.npmjs.org/json-stream/-/json-stream-1.0.0.tgz",
      "integrity": "sha1-GjhU4o0rvuqzHMfd9oPS3cVlJwg="
    },
    "lodash": {
      "version": "4.17.21",
      "resolved": "https://registry.npmjs.org/lodash/-/lodash-4.17.21.tgz",
      "integrity": "sha512-v2kDEe57lecTulaDIuNTPy3Ry4gLGJ6Z1O3vE1krgXZNrsQ+LFTGHVxVjcXPs17LhbZVGedAJv8XZ1tvj5FvSg=="
    },
    "mime-db": {
      "version": "1.38.0",
      "resolved": "https://registry.npmjs.org/mime-db/-/mime-db-1.38.0.tgz",
      "integrity": "sha512-bqVioMFFzc2awcdJZIzR3HjZFX20QhilVS7hytkKrv7xFAn8bM1gzc/FOX2awLISvWe0PV8ptFKcon+wZ5qYkg=="
    },
    "mime-types": {
      "version": "2.1.22",
      "resolved": "https://registry.npmjs.org/mime-types/-/mime-types-2.1.22.tgz",
      "integrity": "sha512-aGl6TZGnhm/li6F7yx82bJiBZwgiEa4Hf6CNr8YO+r5UHr53tSTYZb102zyU50DOWWKeOv0uQLRL0/9EiKWCog==",
      "requires": {
        "mime-db": "~1.38.0"
      }
    },
    "minimist": {
      "version": "0.0.8",
      "resolved": "https://registry.npmjs.org/minimist/-/minimist-0.0.8.tgz",
      "integrity": "sha1-hX/Kv8M5fSYluCKCYuhqp6ARsF0="
    },
    "minio": {
      "version": "7.0.5",
      "resolved": "https://registry.npmjs.org/minio/-/minio-7.0.5.tgz",
      "integrity": "sha512-8ElURLlaiV1sGCE5fn9V7zhqYnvfUsntwg6lCR3OPzShak35dpCRKZFY3kdA7B1faTMGdN9jFMMIJ5jdWGEw4g==",
      "requires": {
        "async": "^1.5.2",
        "block-stream2": "^1.0.0",
        "concat-stream": "^1.4.8",
        "es6-error": "^2.0.2",
        "json-stream": "^1.0.0",
        "lodash": "^4.14.2",
        "mime-types": "^2.1.14",
        "mkdirp": "^0.5.1",
        "querystring": "0.2.0",
        "through2": "^0.6.5",
        "uuid": "^3.1.0",
        "xml": "^1.0.0",
        "xml2js": "^0.4.15"
      }
    },
    "mkdirp": {
      "version": "0.5.1",
      "resolved": "https://registry.npmjs.org/mkdirp/-/mkdirp-0.5.1.tgz",
      "integrity": "sha1-MAV0OOrGz3+MR2fzhkjWaX11yQM=",
      "requires": {
        "minimist": "0.0.8"
      }
    },
    "process-nextick-args": {
      "version": "2.0.0",
      "resolved": "https://registry.npmjs.org/process-nextick-args/-/process-nextick-args-2.0.0.tgz",
      "integrity": "sha512-MtEC1TqN0EU5nephaJ4rAtThHtC86dNN9qCuEhtshvpVBkAW5ZO7BASN9REnF9eoXGcRub+pFuKEpOHE+HbEMw=="
    },
    "querystring": {
      "version": "0.2.0",
      "resolved": "https://registry.npmjs.org/querystring/-/querystring-0.2.0.tgz",
      "integrity": "sha1-sgmEkgO7Jd+CDadW50cAWHhSFiA="
    },
    "readable-stream": {
      "version": "2.3.6",
      "resolved": "https://registry.npmjs.org/readable-stream/-/readable-stream-2.3.6.tgz",
      "integrity": "sha512-tQtKA9WIAhBF3+VLAseyMqZeBjW0AHJoxOtYqSUZNJxauErmLbVm2FW1y+J/YA9dUrAC39ITejlZWhVIwawkKw==",
      "requires": {
        "core-util-is": "~1.0.0",
        "inherits": "~2.0.3",
        "isarray": "~1.0.0",
        "process-nextick-args": "~2.0.0",
        "safe-buffer": "~5.1.1",
        "string_decoder": "~1.1.1",
        "util-deprecate": "~1.0.1"
      }
    },
    "safe-buffer": {
      "version": "5.1.2",
      "resolved": "https://registry.npmjs.org/safe-buffer/-/safe-buffer-5.1.2.tgz",
      "integrity": "sha512-Gd2UZBJDkXlY7GbJxfsE8/nvKkUEU1G38c1siN6QP6a9PT9MmHB8GnpscSmMJSoF8LOIrt8ud/wPtojys4G6+g=="
    },
    "sax": {
      "version": "1.2.4",
      "resolved": "https://registry.npmjs.org/sax/-/sax-1.2.4.tgz",
      "integrity": "sha512-NqVDv9TpANUjFm0N8uM5GxL36UgKi9/atZw+x7YFnQ8ckwFGKrl4xX4yWtrey3UJm5nP1kUbnYgLopqWNSRhWw=="
    },
    "semver": {
      "version": "7.7.1",
      "resolved": "https://registry.npmjs.org/semver/-/semver-7.7.1.tgz",
      "integrity": "sha512-hlq8tAfn0m/61p4BVRcPzIGr6LKiMwo4VM6dGi6pt4qcRkmNzTcWq6eCEjEh+qXjkMDvPlOFFSGwQjoEa6gyMA=="
    },
    "sharp": {
      "version": "0.33.0",
      "resolved": "https://registry.npmjs.org/sharp/-/sharp-0.33.0.tgz",
      "integrity": "sha512-99DZKudjm/Rmz+M0/26t4DKpXyywAOJaayGS9boEn7FvgtG0RYBi46uPE2c+obcJRtA3AZa0QwJot63gJQ1F0Q==",
      "requires": {
        "@img/sharp-darwin-arm64": "0.33.0",
        "@img/sharp-darwin-x64": "0.33.0",
        "@img/sharp-libvips-darwin-arm64": "1.0.0",
        "@img/sharp-libvips-darwin-x64": "1.0.0",
        "@img/sharp-libvips-linux-arm": "1.0.0",
        "@img/sharp-libvips-linux-arm64": "1.0.0",
        "@img/sharp-libvips-linux-s390x": "1.0.0",
        "@img/sharp-libvips-linux-x64": "1.0.0",
        "@img/sharp-libvips-linuxmusl-arm64": "1.0.0",
        "@img/sharp-libvips-linuxmusl-x64": "1.0.0",
        "@img/sharp-linux-arm": "0.33.0",
        "@img/sharp-linux-arm64": "0.33.0",
        "@img/sharp-linux-s390x": "0.33.0",
        "@img/sharp-linux-x64": "0.33.0",
        "@img/sharp-linuxmusl-arm64": "0.33.0",
        "@img/sharp-linuxmusl-x64": "0.33.0",
        "@img/sharp-wasm32": "0.33.0",
        "@img/sharp-win32-ia32": "0.33.0",
        "@img/sharp-win32-x64": "0.33.0",
        "color": "^4.2.3",
        "detect-libc": "^2.0.2",
        "semver": "^7.5.4"
      }
    },
    "simple-swizzle": {
      "version": "0.2.2",
      "resolved": "https://registry.npmjs.org/simple-swizzle/-/simple-swizzle-0.2.2.tgz",
      "integrity": "sha512-JA//kQgZtbuY83m+xT+tXJkmJncGMTFT+C+g2h2R9uxkYIrE2yy9sgmcLhCnw57/WSD+Eh3J97FPEDFnbXnDUg==",
      "requires": {
        "is-arrayish": "^0.3.1"
      }
    },
    "string_decoder": {
      "version": "1.1.1",
      "resolved": "https://registry.npmjs.org/string_decoder/-/string_decoder-1.1.1.tgz",
      "integrity": "sha512-n/ShnvDi6FHbbVfviro+WojiFzv+s8MPMHBczVePfUpDJLwoLT0ht1l4YwBCbi8pJAveEEdnkHyPyTP/mzRfwg==",
      "requires": {
        "safe-buffer": "~5.1.0"
      }
    },
    "through2": {
      "version": "0.6.5",
      "resolved": "https://registry.npmjs.org/through2/-/through2-0.6.5.tgz",
      "integrity": "sha1-QaucZ7KdVyCQcUEOHXp6lozTrUg=",
      "requires": {
        "readable-stream": ">=1.0.33-1 <1.1.0-0",
        "xtend": ">=4.0.0 <4.1.0-0"
      },
      "dependencies": {
        "isarray": {
          "version": "0.0.1",
          "resolved": "https://registry.npmjs.org/isarray/-/isarray-0.0.1.tgz",
          "integrity": "sha1-ihis/Kmo9Bd+Cav8YDiTmwXR7t8="
        },
        "readable-stream": {
          "version": "1.0.34",
          "resolved": "https://registry.npmjs.org/readable-stream/-/readable-stream-1.0.34.tgz",
          "integrity": "sha1-Elgg40vIQtLyqq+v5MKRbuMsFXw=",
          "requires": {
            "core-util-is": "~1.0.0",
            "inherits": "~2.0.1",
            "isarray": "0.0.1",
            "string_decoder": "~0.10.x"
          }
        },
        "string_decoder": {
          "version": "0.10.31",
          "resolved": "https://registry.npmjs.org/string_decoder/-/string_decoder-0.10.31.tgz",
          "integrity": "sha1-YuIDvEF2bGwoyfyEMB2rHFMQ+pQ="
        }
      }
    },
    "tslib": {
      "version": "2.8.1",
      "resolved": "https://registry.npmjs.org/tslib/-/tslib-2.8.1.tgz",
      "integrity": "sha512-oJFu94HQb+KVduSUQL7wnpmqnfmLsOA/nAh6b6EH0wCEoK0/mPeXU6c3wKDV83MkOuHPRHtSXKKU99IBazS/2w==",
      "optional": true
    },
    "typedarray": {
      "version": "0.0.6",
      "resolved": "https://registry.npmjs.org/typedarray/-/typedarray-0.0.6.tgz",
      "integrity": "sha1-hnrHTjhkGHsdPUfZlqeOxciDB3c="
    },
    "util-deprecate": {
      "version": "1.0.2",
      "resolved": "https://registry.npmjs.org/util-deprecate/-/util-deprecate-1.0.2.tgz",
      "integrity": "sha1-RQ1Nyfpw3nMnYvvS1KKJgUGaDM8="
    },
    "uuid": {
      "version": "3.3.2",
      "resolved": "https://registry.npmjs.org/uuid/-/uuid-3.3.2.tgz",
      "integrity": "sha512-yXJmeNaw3DnnKAOKJE51sL/ZaYfWJRl1pK9dr19YFCu0ObS231AB1/LbqTKRAQ5kw8A90rA6fr4riOUpTZvQZA=="
    },
    "xml": {
      "version": "1.0.1",
      "resolved": "https://registry.npmjs.org/xml/-/xml-1.0.1.tgz",
      "integrity": "sha1-eLpyAgApxbyHuKgaPPzXS0ovweU="
    },
    "xml2js": {
      "version": "0.4.19",
      "resolved": "https://registry.npmjs.org/xml2js/-/xml2js-0.4.19.tgz",
      "integrity": "sha512-esZnJZJOiJR9wWKMyuvSE1y6Dq5LCuJanqhxslH2bxM6duahNZ+HMpCLhBQGZkbX6xRf8x1Y2eJlgt2q3qo49Q==",
      "requires": {
        "sax": ">=0.6.0",
        "xmlbuilder": "~9.0.1"
      }
    },
    "xmlbuilder": {
      "version": "9.0.7",
      "resolved": "https://registry.npmjs.org/xmlbuilder/-/xmlbuilder-9.0.7.tgz",
      "integrity": "sha1-Ey7mPS7FVlxVfiD0wi35rKaGsQ0="
    },
    "xtend": {
      "version": "4.0.1",
      "resolved": "https://registry.npmjs.org/xtend/-/xtend-4.0.1.tgz",
      "integrity": "sha1-pcbVMr5lbiPbgg77lDofBJmNY68="
    }
  }
}
